// !$*UTF8*$!
{
	archiveVersion = 1;
	classes = {
	};
	objectVersion = 50;
	objects = {

/* Begin PBXBuildFile section */
		90BDF5B8208D105B00D9E441 /* AppDelegate.swift in Sources */ = {isa = PBXBuildFile; fileRef = 90BDF5B7208D105B00D9E441 /* AppDelegate.swift */; };
		90BDF5BD208D105B00D9E441 /* Main.storyboard in Resources */ = {isa = PBXBuildFile; fileRef = 90BDF5BB208D105B00D9E441 /* Main.storyboard */; };
		90BDF5BF208D106300D9E441 /* Assets.xcassets in Resources */ = {isa = PBXBuildFile; fileRef = 90BDF5BE208D106300D9E441 /* Assets.xcassets */; };
		90BDF5C2208D106300D9E441 /* LaunchScreen.storyboard in Resources */ = {isa = PBXBuildFile; fileRef = 90BDF5C0208D106300D9E441 /* LaunchScreen.storyboard */; };
		90BDF5D0208D120900D9E441 /* SWRevealViewController.m in Sources */ = {isa = PBXBuildFile; fileRef = 90BDF5CE208D120800D9E441 /* SWRevealViewController.m */; };
		90BDF5D2208D13F300D9E441 /* HomeVC.swift in Sources */ = {isa = PBXBuildFile; fileRef = 90BDF5D1208D13F300D9E441 /* HomeVC.swift */; };
		90BDF5D5208D140800D9E441 /* MenuVC.swift in Sources */ = {isa = PBXBuildFile; fileRef = 90BDF5D4208D140800D9E441 /* MenuVC.swift */; };
		90BDF5DA208D14C800D9E441 /* InsetTextField.swift in Sources */ = {isa = PBXBuildFile; fileRef = 90BDF5D6208D14C500D9E441 /* InsetTextField.swift */; };
		90BDF5DB208D14C800D9E441 /* RoundedShadowView.swift in Sources */ = {isa = PBXBuildFile; fileRef = 90BDF5D7208D14C600D9E441 /* RoundedShadowView.swift */; };
		90BDF5DC208D14C800D9E441 /* GradientView.swift in Sources */ = {isa = PBXBuildFile; fileRef = 90BDF5D8208D14C600D9E441 /* GradientView.swift */; };
		90BDF5DD208D14C800D9E441 /* RoundedButton.swift in Sources */ = {isa = PBXBuildFile; fileRef = 90BDF5D9208D14C700D9E441 /* RoundedButton.swift */; };
		90BDF5E0208D1B4A00D9E441 /* Constants.swift in Sources */ = {isa = PBXBuildFile; fileRef = 90BDF5DF208D1B4A00D9E441 /* Constants.swift */; };
/* End PBXBuildFile section */

/* Begin PBXFileReference section */
		90BDF5B4208D105B00D9E441 /* MyDailyGains Fitness.app */ = {isa = PBXFileReference; explicitFileType = wrapper.application; includeInIndex = 0; path = "MyDailyGains Fitness.app"; sourceTree = BUILT_PRODUCTS_DIR; };
		90BDF5B7208D105B00D9E441 /* AppDelegate.swift */ = {isa = PBXFileReference; lastKnownFileType = sourcecode.swift; path = AppDelegate.swift; sourceTree = "<group>"; };
		90BDF5BC208D105B00D9E441 /* Base */ = {isa = PBXFileReference; lastKnownFileType = file.storyboard; name = Base; path = Base.lproj/Main.storyboard; sourceTree = "<group>"; };
		90BDF5BE208D106300D9E441 /* Assets.xcassets */ = {isa = PBXFileReference; lastKnownFileType = folder.assetcatalog; path = Assets.xcassets; sourceTree = "<group>"; };
		90BDF5C1208D106300D9E441 /* Base */ = {isa = PBXFileReference; lastKnownFileType = file.storyboard; name = Base; path = Base.lproj/LaunchScreen.storyboard; sourceTree = "<group>"; };
		90BDF5C3208D106300D9E441 /* Info.plist */ = {isa = PBXFileReference; lastKnownFileType = text.plist.xml; path = Info.plist; sourceTree = "<group>"; };
		90BDF5CD208D120700D9E441 /* MyDailyGains Fitness-Bridging-Header.h */ = {isa = PBXFileReference; lastKnownFileType = sourcecode.c.h; path = "MyDailyGains Fitness-Bridging-Header.h"; sourceTree = "<group>"; };
		90BDF5CE208D120800D9E441 /* SWRevealViewController.m */ = {isa = PBXFileReference; fileEncoding = 4; lastKnownFileType = sourcecode.c.objc; path = SWRevealViewController.m; sourceTree = "<group>"; };
		90BDF5CF208D120900D9E441 /* SWRevealViewController.h */ = {isa = PBXFileReference; fileEncoding = 4; lastKnownFileType = sourcecode.c.h; path = SWRevealViewController.h; sourceTree = "<group>"; };
		90BDF5D1208D13F300D9E441 /* HomeVC.swift */ = {isa = PBXFileReference; lastKnownFileType = sourcecode.swift; path = HomeVC.swift; sourceTree = "<group>"; };
		90BDF5D4208D140800D9E441 /* MenuVC.swift */ = {isa = PBXFileReference; lastKnownFileType = sourcecode.swift; path = MenuVC.swift; sourceTree = "<group>"; };
		90BDF5D6208D14C500D9E441 /* InsetTextField.swift */ = {isa = PBXFileReference; fileEncoding = 4; lastKnownFileType = sourcecode.swift; path = InsetTextField.swift; sourceTree = "<group>"; };
		90BDF5D7208D14C600D9E441 /* RoundedShadowView.swift */ = {isa = PBXFileReference; fileEncoding = 4; lastKnownFileType = sourcecode.swift; path = RoundedShadowView.swift; sourceTree = "<group>"; };
		90BDF5D8208D14C600D9E441 /* GradientView.swift */ = {isa = PBXFileReference; fileEncoding = 4; lastKnownFileType = sourcecode.swift; path = GradientView.swift; sourceTree = "<group>"; };
		90BDF5D9208D14C700D9E441 /* RoundedButton.swift */ = {isa = PBXFileReference; fileEncoding = 4; lastKnownFileType = sourcecode.swift; path = RoundedButton.swift; sourceTree = "<group>"; };
		90BDF5DF208D1B4A00D9E441 /* Constants.swift */ = {isa = PBXFileReference; lastKnownFileType = sourcecode.swift; path = Constants.swift; sourceTree = "<group>"; };
/* End PBXFileReference section */

/* Begin PBXFrameworksBuildPhase section */
		90BDF5B1208D105B00D9E441 /* Frameworks */ = {
			isa = PBXFrameworksBuildPhase;
			buildActionMask = 2147483647;
			files = (
			);
			runOnlyForDeploymentPostprocessing = 0;
		};
/* End PBXFrameworksBuildPhase section */

/* Begin PBXGroup section */
		90BDF5AB208D105B00D9E441 = {
			isa = PBXGroup;
			children = (
				90BDF5B6208D105B00D9E441 /* MyDailyGains Fitness */,
				90BDF5B5208D105B00D9E441 /* Products */,
			);
			sourceTree = "<group>";
		};
		90BDF5B5208D105B00D9E441 /* Products */ = {
			isa = PBXGroup;
			children = (
				90BDF5B4208D105B00D9E441 /* MyDailyGains Fitness.app */,
			);
			name = Products;
			sourceTree = "<group>";
		};
		90BDF5B6208D105B00D9E441 /* MyDailyGains Fitness */ = {
			isa = PBXGroup;
			children = (
				90BDF5DE208D1B2700D9E441 /* Utilities */,
				90BDF5CC208D11B900D9E441 /* Supporting Files */,
				90BDF5CB208D109600D9E441 /* Model */,
				90BDF5CA208D108900D9E441 /* View */,
				90BDF5C9208D107F00D9E441 /* Controller */,
				90BDF5B7208D105B00D9E441 /* AppDelegate.swift */,
				90BDF5BB208D105B00D9E441 /* Main.storyboard */,
				90BDF5BE208D106300D9E441 /* Assets.xcassets */,
				90BDF5C0208D106300D9E441 /* LaunchScreen.storyboard */,
				90BDF5C3208D106300D9E441 /* Info.plist */,
			);
			path = "MyDailyGains Fitness";
			sourceTree = "<group>";
		};
		90BDF5C9208D107F00D9E441 /* Controller */ = {
			isa = PBXGroup;
			children = (
				90BDF5D1208D13F300D9E441 /* HomeVC.swift */,
				90BDF5D4208D140800D9E441 /* MenuVC.swift */,
			);
			path = Controller;
			sourceTree = "<group>";
		};
		90BDF5CA208D108900D9E441 /* View */ = {
			isa = PBXGroup;
			children = (
				90BDF5D8208D14C600D9E441 /* GradientView.swift */,
				90BDF5D6208D14C500D9E441 /* InsetTextField.swift */,
				90BDF5D9208D14C700D9E441 /* RoundedButton.swift */,
				90BDF5D7208D14C600D9E441 /* RoundedShadowView.swift */,
			);
			path = View;
			sourceTree = "<group>";
		};
		90BDF5CB208D109600D9E441 /* Model */ = {
			isa = PBXGroup;
			children = (
			);
			path = Model;
			sourceTree = "<group>";
		};
		90BDF5CC208D11B900D9E441 /* Supporting Files */ = {
			isa = PBXGroup;
			children = (
				90BDF5CF208D120900D9E441 /* SWRevealViewController.h */,
				90BDF5CE208D120800D9E441 /* SWRevealViewController.m */,
				90BDF5CD208D120700D9E441 /* MyDailyGains Fitness-Bridging-Header.h */,
			);
			path = "Supporting Files";
			sourceTree = "<group>";
		};
		90BDF5DE208D1B2700D9E441 /* Utilities */ = {
			isa = PBXGroup;
			children = (
				90BDF5DF208D1B4A00D9E441 /* Constants.swift */,
			);
			path = Utilities;
			sourceTree = "<group>";
		};
/* End PBXGroup section */

/* Begin PBXNativeTarget section */
		90BDF5B3208D105B00D9E441 /* MyDailyGains Fitness */ = {
			isa = PBXNativeTarget;
			buildConfigurationList = 90BDF5C6208D106300D9E441 /* Build configuration list for PBXNativeTarget "MyDailyGains Fitness" */;
			buildPhases = (
				90BDF5B0208D105B00D9E441 /* Sources */,
				90BDF5B1208D105B00D9E441 /* Frameworks */,
				90BDF5B2208D105B00D9E441 /* Resources */,
			);
			buildRules = (
			);
			dependencies = (
			);
			name = "MyDailyGains Fitness";
			productName = "MyDailyGains Fitness";
			productReference = 90BDF5B4208D105B00D9E441 /* MyDailyGains Fitness.app */;
			productType = "com.apple.product-type.application";
		};
/* End PBXNativeTarget section */

/* Begin PBXProject section */
		90BDF5AC208D105B00D9E441 /* Project object */ = {
			isa = PBXProject;
			attributes = {
				LastSwiftUpdateCheck = 0930;
				LastUpgradeCheck = 0930;
				ORGANIZATIONNAME = "Soufiane Salouf";
				TargetAttributes = {
					90BDF5B3208D105B00D9E441 = {
						CreatedOnToolsVersion = 9.3;
						LastSwiftMigration = 0930;
					};
				};
			};
			buildConfigurationList = 90BDF5AF208D105B00D9E441 /* Build configuration list for PBXProject "MyDailyGains Fitness" */;
			compatibilityVersion = "Xcode 9.3";
			developmentRegion = en;
			hasScannedForEncodings = 0;
			knownRegions = (
				en,
				Base,
			);
			mainGroup = 90BDF5AB208D105B00D9E441;
			productRefGroup = 90BDF5B5208D105B00D9E441 /* Products */;
			projectDirPath = "";
			projectRoot = "";
			targets = (
				90BDF5B3208D105B00D9E441 /* MyDailyGains Fitness */,
			);
		};
/* End PBXProject section */

/* Begin PBXResourcesBuildPhase section */
		90BDF5B2208D105B00D9E441 /* Resources */ = {
			isa = PBXResourcesBuildPhase;
			buildActionMask = 2147483647;
			files = (
				90BDF5C2208D106300D9E441 /* LaunchScreen.storyboard in Resources */,
				90BDF5BF208D106300D9E441 /* Assets.xcassets in Resources */,
				90BDF5BD208D105B00D9E441 /* Main.storyboard in Resources */,
			);
			runOnlyForDeploymentPostprocessing = 0;
		};
/* End PBXResourcesBuildPhase section */

/* Begin PBXSourcesBuildPhase section */
		90BDF5B0208D105B00D9E441 /* Sources */ = {
			isa = PBXSourcesBuildPhase;
			buildActionMask = 2147483647;
			files = (
				90BDF5D2208D13F300D9E441 /* HomeVC.swift in Sources */,
				90BDF5DA208D14C800D9E441 /* InsetTextField.swift in Sources */,
				90BDF5DB208D14C800D9E441 /* RoundedShadowView.swift in Sources */,
				90BDF5DD208D14C800D9E441 /* RoundedButton.swift in Sources */,
				90BDF5D5208D140800D9E441 /* MenuVC.swift in Sources */,
				90BDF5DC208D14C800D9E441 /* GradientView.swift in Sources */,
				90BDF5B8208D105B00D9E441 /* AppDelegate.swift in Sources */,
				90BDF5E0208D1B4A00D9E441 /* Constants.swift in Sources */,
				90BDF5D0208D120900D9E441 /* SWRevealViewController.m in Sources */,
			);
			runOnlyForDeploymentPostprocessing = 0;
		};
/* End PBXSourcesBuildPhase section */

/* Begin PBXVariantGroup section */
		90BDF5BB208D105B00D9E441 /* Main.storyboard */ = {
			isa = PBXVariantGroup;
			children = (
				90BDF5BC208D105B00D9E441 /* Base */,
			);
			name = Main.storyboard;
			sourceTree = "<group>";
		};
		90BDF5C0208D106300D9E441 /* LaunchScreen.storyboard */ = {
			isa = PBXVariantGroup;
			children = (
				90BDF5C1208D106300D9E441 /* Base */,
			);
			name = LaunchScreen.storyboard;
			sourceTree = "<group>";
		};
/* End PBXVariantGroup section */

/* Begin XCBuildConfiguration section */
		90BDF5C4208D106300D9E441 /* Debug */ = {
			isa = XCBuildConfiguration;
			buildSettings = {
				ALWAYS_SEARCH_USER_PATHS = NO;
				CLANG_ANALYZER_NONNULL = YES;
				CLANG_ANALYZER_NUMBER_OBJECT_CONVERSION = YES_AGGRESSIVE;
				CLANG_CXX_LANGUAGE_STANDARD = "gnu++14";
				CLANG_CXX_LIBRARY = "libc++";
				CLANG_ENABLE_MODULES = YES;
				CLANG_ENABLE_OBJC_ARC = YES;
				CLANG_ENABLE_OBJC_WEAK = YES;
				CLANG_WARN_BLOCK_CAPTURE_AUTORELEASING = YES;
				CLANG_WARN_BOOL_CONVERSION = YES;
				CLANG_WARN_COMMA = YES;
				CLANG_WARN_CONSTANT_CONVERSION = YES;
				CLANG_WARN_DEPRECATED_OBJC_IMPLEMENTATIONS = YES;
				CLANG_WARN_DIRECT_OBJC_ISA_USAGE = YES_ERROR;
				CLANG_WARN_DOCUMENTATION_COMMENTS = YES;
				CLANG_WARN_EMPTY_BODY = YES;
				CLANG_WARN_ENUM_CONVERSION = YES;
				CLANG_WARN_INFINITE_RECURSION = YES;
				CLANG_WARN_INT_CONVERSION = YES;
				CLANG_WARN_NON_LITERAL_NULL_CONVERSION = YES;
				CLANG_WARN_OBJC_IMPLICIT_RETAIN_SELF = YES;
				CLANG_WARN_OBJC_LITERAL_CONVERSION = YES;
				CLANG_WARN_OBJC_ROOT_CLASS = YES_ERROR;
				CLANG_WARN_RANGE_LOOP_ANALYSIS = YES;
				CLANG_WARN_STRICT_PROTOTYPES = YES;
				CLANG_WARN_SUSPICIOUS_MOVE = YES;
				CLANG_WARN_UNGUARDED_AVAILABILITY = YES_AGGRESSIVE;
				CLANG_WARN_UNREACHABLE_CODE = YES;
				CLANG_WARN__DUPLICATE_METHOD_MATCH = YES;
				CODE_SIGN_IDENTITY = "iPhone Developer";
				COPY_PHASE_STRIP = NO;
				DEBUG_INFORMATION_FORMAT = dwarf;
				ENABLE_STRICT_OBJC_MSGSEND = YES;
				ENABLE_TESTABILITY = YES;
				GCC_C_LANGUAGE_STANDARD = gnu11;
				GCC_DYNAMIC_NO_PIC = NO;
				GCC_NO_COMMON_BLOCKS = YES;
				GCC_OPTIMIZATION_LEVEL = 0;
				GCC_PREPROCESSOR_DEFINITIONS = (
					"DEBUG=1",
					"$(inherited)",
				);
				GCC_WARN_64_TO_32_BIT_CONVERSION = YES;
				GCC_WARN_ABOUT_RETURN_TYPE = YES_ERROR;
				GCC_WARN_UNDECLARED_SELECTOR = YES;
				GCC_WARN_UNINITIALIZED_AUTOS = YES_AGGRESSIVE;
				GCC_WARN_UNUSED_FUNCTION = YES;
				GCC_WARN_UNUSED_VARIABLE = YES;
				IPHONEOS_DEPLOYMENT_TARGET = 11.3;
				MTL_ENABLE_DEBUG_INFO = YES;
				ONLY_ACTIVE_ARCH = YES;
				SDKROOT = iphoneos;
				SWIFT_ACTIVE_COMPILATION_CONDITIONS = DEBUG;
				SWIFT_OPTIMIZATION_LEVEL = "-Onone";
			};
			name = Debug;
		};
		90BDF5C5208D106300D9E441 /* Release */ = {
			isa = XCBuildConfiguration;
			buildSettings = {
				ALWAYS_SEARCH_USER_PATHS = NO;
				CLANG_ANALYZER_NONNULL = YES;
				CLANG_ANALYZER_NUMBER_OBJECT_CONVERSION = YES_AGGRESSIVE;
				CLANG_CXX_LANGUAGE_STANDARD = "gnu++14";
				CLANG_CXX_LIBRARY = "libc++";
				CLANG_ENABLE_MODULES = YES;
				CLANG_ENABLE_OBJC_ARC = YES;
				CLANG_ENABLE_OBJC_WEAK = YES;
				CLANG_WARN_BLOCK_CAPTURE_AUTORELEASING = YES;
				CLANG_WARN_BOOL_CONVERSION = YES;
				CLANG_WARN_COMMA = YES;
				CLANG_WARN_CONSTANT_CONVERSION = YES;
				CLANG_WARN_DEPRECATED_OBJC_IMPLEMENTATIONS = YES;
				CLANG_WARN_DIRECT_OBJC_ISA_USAGE = YES_ERROR;
				CLANG_WARN_DOCUMENTATION_COMMENTS = YES;
				CLANG_WARN_EMPTY_BODY = YES;
				CLANG_WARN_ENUM_CONVERSION = YES;
				CLANG_WARN_INFINITE_RECURSION = YES;
				CLANG_WARN_INT_CONVERSION = YES;
				CLANG_WARN_NON_LITERAL_NULL_CONVERSION = YES;
				CLANG_WARN_OBJC_IMPLICIT_RETAIN_SELF = YES;
				CLANG_WARN_OBJC_LITERAL_CONVERSION = YES;
				CLANG_WARN_OBJC_ROOT_CLASS = YES_ERROR;
				CLANG_WARN_RANGE_LOOP_ANALYSIS = YES;
				CLANG_WARN_STRICT_PROTOTYPES = YES;
				CLANG_WARN_SUSPICIOUS_MOVE = YES;
				CLANG_WARN_UNGUARDED_AVAILABILITY = YES_AGGRESSIVE;
				CLANG_WARN_UNREACHABLE_CODE = YES;
				CLANG_WARN__DUPLICATE_METHOD_MATCH = YES;
				CODE_SIGN_IDENTITY = "iPhone Developer";
				COPY_PHASE_STRIP = NO;
				DEBUG_INFORMATION_FORMAT = "dwarf-with-dsym";
				ENABLE_NS_ASSERTIONS = NO;
				ENABLE_STRICT_OBJC_MSGSEND = YES;
				GCC_C_LANGUAGE_STANDARD = gnu11;
				GCC_NO_COMMON_BLOCKS = YES;
				GCC_WARN_64_TO_32_BIT_CONVERSION = YES;
				GCC_WARN_ABOUT_RETURN_TYPE = YES_ERROR;
				GCC_WARN_UNDECLARED_SELECTOR = YES;
				GCC_WARN_UNINITIALIZED_AUTOS = YES_AGGRESSIVE;
				GCC_WARN_UNUSED_FUNCTION = YES;
				GCC_WARN_UNUSED_VARIABLE = YES;
				IPHONEOS_DEPLOYMENT_TARGET = 11.3;
				MTL_ENABLE_DEBUG_INFO = NO;
				SDKROOT = iphoneos;
				SWIFT_COMPILATION_MODE = wholemodule;
				SWIFT_OPTIMIZATION_LEVEL = "-O";
				VALIDATE_PRODUCT = YES;
			};
			name = Release;
		};
		90BDF5C7208D106300D9E441 /* Debug */ = {
			isa = XCBuildConfiguration;
			buildSettings = {
				ASSETCATALOG_COMPILER_APPICON_NAME = AppIcon;
				CLANG_ENABLE_MODULES = YES;
				CODE_SIGN_STYLE = Automatic;
				DEVELOPMENT_TEAM = WZ7Q2M29G8;
				INFOPLIST_FILE = "MyDailyGains Fitness/Info.plist";
				LD_RUNPATH_SEARCH_PATHS = (
					"$(inherited)",
					"@executable_path/Frameworks",
				);
				PRODUCT_BUNDLE_IDENTIFIER = "com.saloufapps.MyDailyGains-Fitness";
				PRODUCT_NAME = "$(TARGET_NAME)";
				SWIFT_OBJC_BRIDGING_HEADER = "MyDailyGains Fitness/Supporting Files/MyDailyGains Fitness-Bridging-Header.h";
				SWIFT_OPTIMIZATION_LEVEL = "-Onone";
				SWIFT_VERSION = 4.0;
				TARGETED_DEVICE_FAMILY = "1,2";
			};
			name = Debug;
		};
		90BDF5C8208D106300D9E441 /* Release */ = {
			isa = XCBuildConfiguration;
			buildSettings = {
				ASSETCATALOG_COMPILER_APPICON_NAME = AppIcon;
				CLANG_ENABLE_MODULES = YES;
				CODE_SIGN_STYLE = Automatic;
				DEVELOPMENT_TEAM = WZ7Q2M29G8;
				INFOPLIST_FILE = "MyDailyGains Fitness/Info.plist";
				LD_RUNPATH_SEARCH_PATHS = (
					"$(inherited)",
					"@executable_path/Frameworks",
				);
				PRODUCT_BUNDLE_IDENTIFIER = "com.saloufapps.MyDailyGains-Fitness";
				PRODUCT_NAME = "$(TARGET_NAME)";
				SWIFT_OBJC_BRIDGING_HEADER = "MyDailyGains Fitness/Supporting Files/MyDailyGains Fitness-Bridging-Header.h";
				SWIFT_VERSION = 4.0;
				TARGETED_DEVICE_FAMILY = "1,2";
			};
			name = Release;
		};
/* End XCBuildConfiguration section */

/* Begin XCConfigurationList section */
		90BDF5AF208D105B00D9E441 /* Build configuration list for PBXProject "MyDailyGains Fitness" */ = {
			isa = XCConfigurationList;
			buildConfigurations = (
				90BDF5C4208D106300D9E441 /* Debug */,
				90BDF5C5208D106300D9E441 /* Release */,
			);
			defaultConfigurationIsVisible = 0;
			defaultConfigurationName = Release;
		};
		90BDF5C6208D106300D9E441 /* Build configuration list for PBXNativeTarget "MyDailyGains Fitness" */ = {
			isa = XCConfigurationList;
			buildConfigurations = (
				90BDF5C7208D106300D9E441 /* Debug */,
				90BDF5C8208D106300D9E441 /* Release */,
			);
			defaultConfigurationIsVisible = 0;
			defaultConfigurationName = Release;
		};
/* End XCConfigurationList section */
	};
	rootObject = 90BDF5AC208D105B00D9E441 /* Project object */;
}
